// !$*UTF8*$!
{
	archiveVersion = 1;
	classes = {
	};
	objectVersion = 56;
	objects = {

/* Begin PBXBuildFile section */
		4F0E115B296E99E600903367 /* FramerSCApp.swift in Sources */ = {isa = PBXBuildFile; fileRef = 4F0E115A296E99E600903367 /* FramerSCApp.swift */; };
		4F0E115F296E99E700903367 /* Assets.xcassets in Resources */ = {isa = PBXBuildFile; fileRef = 4F0E115E296E99E700903367 /* Assets.xcassets */; };
		4F0E1163296E99E700903367 /* Preview Assets.xcassets in Resources */ = {isa = PBXBuildFile; fileRef = 4F0E1162296E99E700903367 /* Preview Assets.xcassets */; };
		4F0E116B296E9AE000903367 /* Constants.swift in Sources */ = {isa = PBXBuildFile; fileRef = 4F0E116A296E9AE000903367 /* Constants.swift */; };
		4F0E116D296E9AFD00903367 /* Helper.swift in Sources */ = {isa = PBXBuildFile; fileRef = 4F0E116C296E9AFD00903367 /* Helper.swift */; };
		4F0E116F296E9B1400903367 /* GeoLocation.swift in Sources */ = {isa = PBXBuildFile; fileRef = 4F0E116E296E9B1400903367 /* GeoLocation.swift */; };
		4F0E1171296E9B2900903367 /* Math.swift in Sources */ = {isa = PBXBuildFile; fileRef = 4F0E1170296E9B2900903367 /* Math.swift */; };
		4F0E1173296E9B5A00903367 /* CardinalDirection.swift in Sources */ = {isa = PBXBuildFile; fileRef = 4F0E1172296E9B5A00903367 /* CardinalDirection.swift */; };
		4F0E1175296E9B7400903367 /* Triangle.swift in Sources */ = {isa = PBXBuildFile; fileRef = 4F0E1174296E9B7400903367 /* Triangle.swift */; };
		4F0E1177296E9B8700903367 /* Trapezoid.swift in Sources */ = {isa = PBXBuildFile; fileRef = 4F0E1176296E9B8700903367 /* Trapezoid.swift */; };
		4F0E1179296E9BA300903367 /* IllegalArgumentError.swift in Sources */ = {isa = PBXBuildFile; fileRef = 4F0E1178296E9BA300903367 /* IllegalArgumentError.swift */; };
		4F0E117B296E9BC100903367 /* FovData.swift in Sources */ = {isa = PBXBuildFile; fileRef = 4F0E117A296E9BC100903367 /* FovData.swift */; };
		4F0E117D296E9BD700903367 /* Feature.swift in Sources */ = {isa = PBXBuildFile; fileRef = 4F0E117C296E9BD700903367 /* Feature.swift */; };
		4F0E117F296E9BEE00903367 /* Geometry.swift in Sources */ = {isa = PBXBuildFile; fileRef = 4F0E117E296E9BEE00903367 /* Geometry.swift */; };
		4F0E1181296E9C0200903367 /* Properties.swift in Sources */ = {isa = PBXBuildFile; fileRef = 4F0E1180296E9C0200903367 /* Properties.swift */; };
		4F0E1183296E9C1700903367 /* Orientation.swift in Sources */ = {isa = PBXBuildFile; fileRef = 4F0E1182296E9C1700903367 /* Orientation.swift */; };
		4F0E1185296E9C3300903367 /* SensorFormat.swift in Sources */ = {isa = PBXBuildFile; fileRef = 4F0E1184296E9C3300903367 /* SensorFormat.swift */; };
		4F0E118B296E9EAD00903367 /* Aperture.swift in Sources */ = {isa = PBXBuildFile; fileRef = 4F0E118A296E9EAD00903367 /* Aperture.swift */; };
		4F0E118D296E9FBD00903367 /* TeleConverter.swift in Sources */ = {isa = PBXBuildFile; fileRef = 4F0E118C296E9FBD00903367 /* TeleConverter.swift */; };
		4F305235297287CF00ECC74B /* MKPolygon+contains.swift in Sources */ = {isa = PBXBuildFile; fileRef = 4F305234297287CF00ECC74B /* MKPolygon+contains.swift */; };
		4F30523E2972C03000ECC74B /* FovDataViewMacOS.swift in Sources */ = {isa = PBXBuildFile; fileRef = 4F30523D2972C03000ECC74B /* FovDataViewMacOS.swift */; };
		4F33E7392970733200F1082D /* AdvancedMap in Frameworks */ = {isa = PBXBuildFile; productRef = 4F33E7382970733200F1082D /* AdvancedMap */; };
		4F5284A62971412E00D92966 /* MKPointAnnotation+equals.swift in Sources */ = {isa = PBXBuildFile; fileRef = 4F5284A52971412D00D92966 /* MKPointAnnotation+equals.swift */; };
		4F57E5CF296EC361000E338D /* Model.swift in Sources */ = {isa = PBXBuildFile; fileRef = 4F57E5CE296EC361000E338D /* Model.swift */; };
		4F79289F2970862500454FA8 /* ContentView.swift in Sources */ = {isa = PBXBuildFile; fileRef = 4F79289E2970862500454FA8 /* ContentView.swift */; };
		4F8D98312973175100EF2701 /* FovDataViewIOS.swift in Sources */ = {isa = PBXBuildFile; fileRef = 4F8D98302973175100EF2701 /* FovDataViewIOS.swift */; };
		4F9301CF297C55EE00C814A9 /* ISO.swift in Sources */ = {isa = PBXBuildFile; fileRef = 4F9301CE297C55EE00C814A9 /* ISO.swift */; };
/* End PBXBuildFile section */

/* Begin PBXFileReference section */
		4F0E1157296E99E600903367 /* FramerSC.app */ = {isa = PBXFileReference; explicitFileType = wrapper.application; includeInIndex = 0; path = FramerSC.app; sourceTree = BUILT_PRODUCTS_DIR; };
		4F0E115A296E99E600903367 /* FramerSCApp.swift */ = {isa = PBXFileReference; lastKnownFileType = sourcecode.swift; path = FramerSCApp.swift; sourceTree = "<group>"; };
		4F0E115E296E99E700903367 /* Assets.xcassets */ = {isa = PBXFileReference; lastKnownFileType = folder.assetcatalog; path = Assets.xcassets; sourceTree = "<group>"; };
		4F0E1160296E99E700903367 /* FramerSC.entitlements */ = {isa = PBXFileReference; lastKnownFileType = text.plist.entitlements; path = FramerSC.entitlements; sourceTree = "<group>"; };
		4F0E1162296E99E700903367 /* Preview Assets.xcassets */ = {isa = PBXFileReference; lastKnownFileType = folder.assetcatalog; path = "Preview Assets.xcassets"; sourceTree = "<group>"; };
		4F0E1169296E9A9400903367 /* Info.plist */ = {isa = PBXFileReference; lastKnownFileType = text.plist; path = Info.plist; sourceTree = "<group>"; };
		4F0E116A296E9AE000903367 /* Constants.swift */ = {isa = PBXFileReference; lastKnownFileType = sourcecode.swift; path = Constants.swift; sourceTree = "<group>"; };
		4F0E116C296E9AFD00903367 /* Helper.swift */ = {isa = PBXFileReference; lastKnownFileType = sourcecode.swift; path = Helper.swift; sourceTree = "<group>"; };
		4F0E116E296E9B1400903367 /* GeoLocation.swift */ = {isa = PBXFileReference; lastKnownFileType = sourcecode.swift; path = GeoLocation.swift; sourceTree = "<group>"; };
		4F0E1170296E9B2900903367 /* Math.swift */ = {isa = PBXFileReference; lastKnownFileType = sourcecode.swift; path = Math.swift; sourceTree = "<group>"; };
		4F0E1172296E9B5A00903367 /* CardinalDirection.swift */ = {isa = PBXFileReference; lastKnownFileType = sourcecode.swift; path = CardinalDirection.swift; sourceTree = "<group>"; };
		4F0E1174296E9B7400903367 /* Triangle.swift */ = {isa = PBXFileReference; lastKnownFileType = sourcecode.swift; path = Triangle.swift; sourceTree = "<group>"; };
		4F0E1176296E9B8700903367 /* Trapezoid.swift */ = {isa = PBXFileReference; lastKnownFileType = sourcecode.swift; path = Trapezoid.swift; sourceTree = "<group>"; };
		4F0E1178296E9BA300903367 /* IllegalArgumentError.swift */ = {isa = PBXFileReference; lastKnownFileType = sourcecode.swift; path = IllegalArgumentError.swift; sourceTree = "<group>"; };
		4F0E117A296E9BC100903367 /* FovData.swift */ = {isa = PBXFileReference; lastKnownFileType = sourcecode.swift; path = FovData.swift; sourceTree = "<group>"; };
		4F0E117C296E9BD700903367 /* Feature.swift */ = {isa = PBXFileReference; lastKnownFileType = sourcecode.swift; path = Feature.swift; sourceTree = "<group>"; };
		4F0E117E296E9BEE00903367 /* Geometry.swift */ = {isa = PBXFileReference; lastKnownFileType = sourcecode.swift; path = Geometry.swift; sourceTree = "<group>"; };
		4F0E1180296E9C0200903367 /* Properties.swift */ = {isa = PBXFileReference; lastKnownFileType = sourcecode.swift; path = Properties.swift; sourceTree = "<group>"; };
		4F0E1182296E9C1700903367 /* Orientation.swift */ = {isa = PBXFileReference; lastKnownFileType = sourcecode.swift; path = Orientation.swift; sourceTree = "<group>"; };
		4F0E1184296E9C3300903367 /* SensorFormat.swift */ = {isa = PBXFileReference; lastKnownFileType = sourcecode.swift; path = SensorFormat.swift; sourceTree = "<group>"; };
		4F0E118A296E9EAD00903367 /* Aperture.swift */ = {isa = PBXFileReference; lastKnownFileType = sourcecode.swift; path = Aperture.swift; sourceTree = "<group>"; };
		4F0E118C296E9FBD00903367 /* TeleConverter.swift */ = {isa = PBXFileReference; lastKnownFileType = sourcecode.swift; path = TeleConverter.swift; sourceTree = "<group>"; };
		4F305234297287CF00ECC74B /* MKPolygon+contains.swift */ = {isa = PBXFileReference; lastKnownFileType = sourcecode.swift; path = "MKPolygon+contains.swift"; sourceTree = "<group>"; };
		4F30523D2972C03000ECC74B /* FovDataViewMacOS.swift */ = {isa = PBXFileReference; lastKnownFileType = sourcecode.swift; path = FovDataViewMacOS.swift; sourceTree = "<group>"; };
		4F5284A52971412D00D92966 /* MKPointAnnotation+equals.swift */ = {isa = PBXFileReference; lastKnownFileType = sourcecode.swift; path = "MKPointAnnotation+equals.swift"; sourceTree = "<group>"; };
		4F57E5CE296EC361000E338D /* Model.swift */ = {isa = PBXFileReference; lastKnownFileType = sourcecode.swift; path = Model.swift; sourceTree = "<group>"; };
		4F79289E2970862500454FA8 /* ContentView.swift */ = {isa = PBXFileReference; lastKnownFileType = sourcecode.swift; path = ContentView.swift; sourceTree = "<group>"; };
		4F8D98302973175100EF2701 /* FovDataViewIOS.swift */ = {isa = PBXFileReference; lastKnownFileType = sourcecode.swift; path = FovDataViewIOS.swift; sourceTree = "<group>"; };
		4F9301CE297C55EE00C814A9 /* ISO.swift */ = {isa = PBXFileReference; lastKnownFileType = sourcecode.swift; path = ISO.swift; sourceTree = "<group>"; };
/* End PBXFileReference section */

/* Begin PBXFrameworksBuildPhase section */
		4F0E1154296E99E600903367 /* Frameworks */ = {
			isa = PBXFrameworksBuildPhase;
			buildActionMask = 2147483647;
			files = (
				4F33E7392970733200F1082D /* AdvancedMap in Frameworks */,
			);
			runOnlyForDeploymentPostprocessing = 0;
		};
/* End PBXFrameworksBuildPhase section */

/* Begin PBXGroup section */
		4F0E114E296E99E600903367 = {
			isa = PBXGroup;
			children = (
				4F0E1159296E99E600903367 /* FramerSC */,
				4F0E1158296E99E600903367 /* Products */,
			);
			sourceTree = "<group>";
		};
		4F0E1158296E99E600903367 /* Products */ = {
			isa = PBXGroup;
			children = (
				4F0E1157296E99E600903367 /* FramerSC.app */,
			);
			name = Products;
			sourceTree = "<group>";
		};
		4F0E1159296E99E600903367 /* FramerSC */ = {
			isa = PBXGroup;
			children = (
				4F0E1186296E9C6500903367 /* extensions */,
				4F0E1161296E99E700903367 /* Preview Content */,
				4F0E1189296E9E6C00903367 /* errors */,
				4F0E1187296E9E1400903367 /* data */,
				4F0E1188296E9E4D00903367 /* tools */,
				4F0E1160296E99E700903367 /* FramerSC.entitlements */,
				4F0E1169296E9A9400903367 /* Info.plist */,
				4F0E115E296E99E700903367 /* Assets.xcassets */,
				4F0E115A296E99E600903367 /* FramerSCApp.swift */,
				4F0E116E296E9B1400903367 /* GeoLocation.swift */,
				4F0E1172296E9B5A00903367 /* CardinalDirection.swift */,
				4F0E1174296E9B7400903367 /* Triangle.swift */,
				4F0E1176296E9B8700903367 /* Trapezoid.swift */,
				4F0E1182296E9C1700903367 /* Orientation.swift */,
				4F57E5CE296EC361000E338D /* Model.swift */,
				4F79289E2970862500454FA8 /* ContentView.swift */,
				4F30523D2972C03000ECC74B /* FovDataViewMacOS.swift */,
				4F8D98302973175100EF2701 /* FovDataViewIOS.swift */,
			);
			path = FramerSC;
			sourceTree = "<group>";
		};
		4F0E1161296E99E700903367 /* Preview Content */ = {
			isa = PBXGroup;
			children = (
				4F0E1162296E99E700903367 /* Preview Assets.xcassets */,
			);
			path = "Preview Content";
			sourceTree = "<group>";
		};
		4F0E1186296E9C6500903367 /* extensions */ = {
			isa = PBXGroup;
			children = (
				4F5284A52971412D00D92966 /* MKPointAnnotation+equals.swift */,
				4F305234297287CF00ECC74B /* MKPolygon+contains.swift */,
			);
			path = extensions;
			sourceTree = "<group>";
		};
		4F0E1187296E9E1400903367 /* data */ = {
			isa = PBXGroup;
			children = (
				4F0E117A296E9BC100903367 /* FovData.swift */,
				4F0E117C296E9BD700903367 /* Feature.swift */,
				4F0E117E296E9BEE00903367 /* Geometry.swift */,
				4F0E1180296E9C0200903367 /* Properties.swift */,
				4F0E118A296E9EAD00903367 /* Aperture.swift */,
				4F0E118C296E9FBD00903367 /* TeleConverter.swift */,
				4F0E1184296E9C3300903367 /* SensorFormat.swift */,
				4F9301CE297C55EE00C814A9 /* ISO.swift */,
			);
			path = data;
			sourceTree = "<group>";
		};
		4F0E1188296E9E4D00903367 /* tools */ = {
			isa = PBXGroup;
			children = (
				4F0E116C296E9AFD00903367 /* Helper.swift */,
				4F0E116A296E9AE000903367 /* Constants.swift */,
				4F0E1170296E9B2900903367 /* Math.swift */,
			);
			path = tools;
			sourceTree = "<group>";
		};
		4F0E1189296E9E6C00903367 /* errors */ = {
			isa = PBXGroup;
			children = (
				4F0E1178296E9BA300903367 /* IllegalArgumentError.swift */,
			);
			path = errors;
			sourceTree = "<group>";
		};
/* End PBXGroup section */

/* Begin PBXNativeTarget section */
		4F0E1156296E99E600903367 /* FramerSC */ = {
			isa = PBXNativeTarget;
			buildConfigurationList = 4F0E1166296E99E700903367 /* Build configuration list for PBXNativeTarget "FramerSC" */;
			buildPhases = (
				4F0E1153296E99E600903367 /* Sources */,
				4F0E1154296E99E600903367 /* Frameworks */,
				4F0E1155296E99E600903367 /* Resources */,
			);
			buildRules = (
			);
			dependencies = (
			);
			name = FramerSC;
			packageProductDependencies = (
				4F33E7382970733200F1082D /* AdvancedMap */,
			);
			productName = FramerSC;
			productReference = 4F0E1157296E99E600903367 /* FramerSC.app */;
			productType = "com.apple.product-type.application";
		};
/* End PBXNativeTarget section */

/* Begin PBXProject section */
		4F0E114F296E99E600903367 /* Project object */ = {
			isa = PBXProject;
			attributes = {
				BuildIndependentTargetsInParallel = 1;
				LastSwiftUpdateCheck = 1420;
				LastUpgradeCheck = 1420;
				TargetAttributes = {
					4F0E1156296E99E600903367 = {
						CreatedOnToolsVersion = 14.2;
					};
				};
			};
			buildConfigurationList = 4F0E1152296E99E600903367 /* Build configuration list for PBXProject "FramerSC" */;
			compatibilityVersion = "Xcode 14.0";
			developmentRegion = en;
			hasScannedForEncodings = 0;
			knownRegions = (
				en,
				Base,
			);
			mainGroup = 4F0E114E296E99E600903367;
			packageReferences = (
				4F33E7372970733200F1082D /* XCRemoteSwiftPackageReference "SwiftUIAdvancedMap" */,
			);
			productRefGroup = 4F0E1158296E99E600903367 /* Products */;
			projectDirPath = "";
			projectRoot = "";
			targets = (
				4F0E1156296E99E600903367 /* FramerSC */,
			);
		};
/* End PBXProject section */

/* Begin PBXResourcesBuildPhase section */
		4F0E1155296E99E600903367 /* Resources */ = {
			isa = PBXResourcesBuildPhase;
			buildActionMask = 2147483647;
			files = (
				4F0E1163296E99E700903367 /* Preview Assets.xcassets in Resources */,
				4F0E115F296E99E700903367 /* Assets.xcassets in Resources */,
			);
			runOnlyForDeploymentPostprocessing = 0;
		};
/* End PBXResourcesBuildPhase section */

/* Begin PBXSourcesBuildPhase section */
		4F0E1153296E99E600903367 /* Sources */ = {
			isa = PBXSourcesBuildPhase;
			buildActionMask = 2147483647;
			files = (
				4F0E1185296E9C3300903367 /* SensorFormat.swift in Sources */,
				4F0E117D296E9BD700903367 /* Feature.swift in Sources */,
				4F0E1183296E9C1700903367 /* Orientation.swift in Sources */,
				4F305235297287CF00ECC74B /* MKPolygon+contains.swift in Sources */,
				4F0E118B296E9EAD00903367 /* Aperture.swift in Sources */,
				4F0E115B296E99E600903367 /* FramerSCApp.swift in Sources */,
				4F0E116F296E9B1400903367 /* GeoLocation.swift in Sources */,
				4F9301CF297C55EE00C814A9 /* ISO.swift in Sources */,
				4F5284A62971412E00D92966 /* MKPointAnnotation+equals.swift in Sources */,
				4F0E117F296E9BEE00903367 /* Geometry.swift in Sources */,
				4F8D98312973175100EF2701 /* FovDataViewIOS.swift in Sources */,
				4F79289F2970862500454FA8 /* ContentView.swift in Sources */,
				4F0E117B296E9BC100903367 /* FovData.swift in Sources */,
				4F30523E2972C03000ECC74B /* FovDataViewMacOS.swift in Sources */,
				4F0E1181296E9C0200903367 /* Properties.swift in Sources */,
				4F0E116B296E9AE000903367 /* Constants.swift in Sources */,
				4F0E1179296E9BA300903367 /* IllegalArgumentError.swift in Sources */,
				4F0E116D296E9AFD00903367 /* Helper.swift in Sources */,
				4F0E1173296E9B5A00903367 /* CardinalDirection.swift in Sources */,
				4F0E1171296E9B2900903367 /* Math.swift in Sources */,
				4F0E1175296E9B7400903367 /* Triangle.swift in Sources */,
				4F57E5CF296EC361000E338D /* Model.swift in Sources */,
				4F0E118D296E9FBD00903367 /* TeleConverter.swift in Sources */,
				4F0E1177296E9B8700903367 /* Trapezoid.swift in Sources */,
			);
			runOnlyForDeploymentPostprocessing = 0;
		};
/* End PBXSourcesBuildPhase section */

/* Begin XCBuildConfiguration section */
		4F0E1164296E99E700903367 /* Debug */ = {
			isa = XCBuildConfiguration;
			buildSettings = {
				ALWAYS_SEARCH_USER_PATHS = NO;
				CLANG_ANALYZER_NONNULL = YES;
				CLANG_ANALYZER_NUMBER_OBJECT_CONVERSION = YES_AGGRESSIVE;
				CLANG_CXX_LANGUAGE_STANDARD = "gnu++20";
				CLANG_ENABLE_MODULES = YES;
				CLANG_ENABLE_OBJC_ARC = YES;
				CLANG_ENABLE_OBJC_WEAK = YES;
				CLANG_WARN_BLOCK_CAPTURE_AUTORELEASING = YES;
				CLANG_WARN_BOOL_CONVERSION = YES;
				CLANG_WARN_COMMA = YES;
				CLANG_WARN_CONSTANT_CONVERSION = YES;
				CLANG_WARN_DEPRECATED_OBJC_IMPLEMENTATIONS = YES;
				CLANG_WARN_DIRECT_OBJC_ISA_USAGE = YES_ERROR;
				CLANG_WARN_DOCUMENTATION_COMMENTS = YES;
				CLANG_WARN_EMPTY_BODY = YES;
				CLANG_WARN_ENUM_CONVERSION = YES;
				CLANG_WARN_INFINITE_RECURSION = YES;
				CLANG_WARN_INT_CONVERSION = YES;
				CLANG_WARN_NON_LITERAL_NULL_CONVERSION = YES;
				CLANG_WARN_OBJC_IMPLICIT_RETAIN_SELF = YES;
				CLANG_WARN_OBJC_LITERAL_CONVERSION = YES;
				CLANG_WARN_OBJC_ROOT_CLASS = YES_ERROR;
				CLANG_WARN_QUOTED_INCLUDE_IN_FRAMEWORK_HEADER = YES;
				CLANG_WARN_RANGE_LOOP_ANALYSIS = YES;
				CLANG_WARN_STRICT_PROTOTYPES = YES;
				CLANG_WARN_SUSPICIOUS_MOVE = YES;
				CLANG_WARN_UNGUARDED_AVAILABILITY = YES_AGGRESSIVE;
				CLANG_WARN_UNREACHABLE_CODE = YES;
				CLANG_WARN__DUPLICATE_METHOD_MATCH = YES;
				COPY_PHASE_STRIP = NO;
				DEBUG_INFORMATION_FORMAT = dwarf;
				ENABLE_STRICT_OBJC_MSGSEND = YES;
				ENABLE_TESTABILITY = YES;
				GCC_C_LANGUAGE_STANDARD = gnu11;
				GCC_DYNAMIC_NO_PIC = NO;
				GCC_NO_COMMON_BLOCKS = YES;
				GCC_OPTIMIZATION_LEVEL = 0;
				GCC_PREPROCESSOR_DEFINITIONS = (
					"DEBUG=1",
					"$(inherited)",
				);
				GCC_WARN_64_TO_32_BIT_CONVERSION = YES;
				GCC_WARN_ABOUT_RETURN_TYPE = YES_ERROR;
				GCC_WARN_UNDECLARED_SELECTOR = YES;
				GCC_WARN_UNINITIALIZED_AUTOS = YES_AGGRESSIVE;
				GCC_WARN_UNUSED_FUNCTION = YES;
				GCC_WARN_UNUSED_VARIABLE = YES;
				MTL_ENABLE_DEBUG_INFO = INCLUDE_SOURCE;
				MTL_FAST_MATH = YES;
				ONLY_ACTIVE_ARCH = YES;
				SWIFT_ACTIVE_COMPILATION_CONDITIONS = DEBUG;
				SWIFT_OPTIMIZATION_LEVEL = "-Onone";
			};
			name = Debug;
		};
		4F0E1165296E99E700903367 /* Release */ = {
			isa = XCBuildConfiguration;
			buildSettings = {
				ALWAYS_SEARCH_USER_PATHS = NO;
				CLANG_ANALYZER_NONNULL = YES;
				CLANG_ANALYZER_NUMBER_OBJECT_CONVERSION = YES_AGGRESSIVE;
				CLANG_CXX_LANGUAGE_STANDARD = "gnu++20";
				CLANG_ENABLE_MODULES = YES;
				CLANG_ENABLE_OBJC_ARC = YES;
				CLANG_ENABLE_OBJC_WEAK = YES;
				CLANG_WARN_BLOCK_CAPTURE_AUTORELEASING = YES;
				CLANG_WARN_BOOL_CONVERSION = YES;
				CLANG_WARN_COMMA = YES;
				CLANG_WARN_CONSTANT_CONVERSION = YES;
				CLANG_WARN_DEPRECATED_OBJC_IMPLEMENTATIONS = YES;
				CLANG_WARN_DIRECT_OBJC_ISA_USAGE = YES_ERROR;
				CLANG_WARN_DOCUMENTATION_COMMENTS = YES;
				CLANG_WARN_EMPTY_BODY = YES;
				CLANG_WARN_ENUM_CONVERSION = YES;
				CLANG_WARN_INFINITE_RECURSION = YES;
				CLANG_WARN_INT_CONVERSION = YES;
				CLANG_WARN_NON_LITERAL_NULL_CONVERSION = YES;
				CLANG_WARN_OBJC_IMPLICIT_RETAIN_SELF = YES;
				CLANG_WARN_OBJC_LITERAL_CONVERSION = YES;
				CLANG_WARN_OBJC_ROOT_CLASS = YES_ERROR;
				CLANG_WARN_QUOTED_INCLUDE_IN_FRAMEWORK_HEADER = YES;
				CLANG_WARN_RANGE_LOOP_ANALYSIS = YES;
				CLANG_WARN_STRICT_PROTOTYPES = YES;
				CLANG_WARN_SUSPICIOUS_MOVE = YES;
				CLANG_WARN_UNGUARDED_AVAILABILITY = YES_AGGRESSIVE;
				CLANG_WARN_UNREACHABLE_CODE = YES;
				CLANG_WARN__DUPLICATE_METHOD_MATCH = YES;
				COPY_PHASE_STRIP = NO;
				DEBUG_INFORMATION_FORMAT = "dwarf-with-dsym";
				ENABLE_NS_ASSERTIONS = NO;
				ENABLE_STRICT_OBJC_MSGSEND = YES;
				GCC_C_LANGUAGE_STANDARD = gnu11;
				GCC_NO_COMMON_BLOCKS = YES;
				GCC_WARN_64_TO_32_BIT_CONVERSION = YES;
				GCC_WARN_ABOUT_RETURN_TYPE = YES_ERROR;
				GCC_WARN_UNDECLARED_SELECTOR = YES;
				GCC_WARN_UNINITIALIZED_AUTOS = YES_AGGRESSIVE;
				GCC_WARN_UNUSED_FUNCTION = YES;
				GCC_WARN_UNUSED_VARIABLE = YES;
				MTL_ENABLE_DEBUG_INFO = NO;
				MTL_FAST_MATH = YES;
				SWIFT_COMPILATION_MODE = wholemodule;
				SWIFT_OPTIMIZATION_LEVEL = "-O";
			};
			name = Release;
		};
		4F0E1167296E99E700903367 /* Debug */ = {
			isa = XCBuildConfiguration;
			buildSettings = {
				ASSETCATALOG_COMPILER_APPICON_NAME = AppIcon;
				ASSETCATALOG_COMPILER_GLOBAL_ACCENT_COLOR_NAME = AccentColor;
				CODE_SIGN_ENTITLEMENTS = FramerSC/FramerSC.entitlements;
				CODE_SIGN_STYLE = Automatic;
				CURRENT_PROJECT_VERSION = 1;
				DEVELOPMENT_ASSET_PATHS = "\"FramerSC/Preview Content\"";
				DEVELOPMENT_TEAM = L4A7549EHC;
				ENABLE_HARDENED_RUNTIME = YES;
				ENABLE_PREVIEWS = YES;
				GENERATE_INFOPLIST_FILE = YES;
				INFOPLIST_FILE = FramerSC/Info.plist;
				INFOPLIST_KEY_CFBundleDisplayName = FramerSC;
				INFOPLIST_KEY_LSApplicationCategoryType = "public.app-category.photography";
				INFOPLIST_KEY_NSLocationUsageDescription = "Needs your location to show your position on the map";
				INFOPLIST_KEY_NSLocationWhenInUseUsageDescription = "Needs your location when in use to show your position on the map";
				"INFOPLIST_KEY_UIApplicationSceneManifest_Generation[sdk=iphoneos*]" = YES;
				"INFOPLIST_KEY_UIApplicationSceneManifest_Generation[sdk=iphonesimulator*]" = YES;
				"INFOPLIST_KEY_UIApplicationSupportsIndirectInputEvents[sdk=iphoneos*]" = YES;
				"INFOPLIST_KEY_UIApplicationSupportsIndirectInputEvents[sdk=iphonesimulator*]" = YES;
				"INFOPLIST_KEY_UILaunchScreen_Generation[sdk=iphoneos*]" = YES;
				"INFOPLIST_KEY_UILaunchScreen_Generation[sdk=iphonesimulator*]" = YES;
				"INFOPLIST_KEY_UIStatusBarStyle[sdk=iphoneos*]" = UIStatusBarStyleDefault;
				"INFOPLIST_KEY_UIStatusBarStyle[sdk=iphonesimulator*]" = UIStatusBarStyleDefault;
				INFOPLIST_KEY_UISupportedInterfaceOrientations = "UIInterfaceOrientationLandscapeLeft UIInterfaceOrientationLandscapeRight UIInterfaceOrientationPortrait UIInterfaceOrientationPortraitUpsideDown";
				IPHONEOS_DEPLOYMENT_TARGET = 16.2;
				LD_RUNPATH_SEARCH_PATHS = "@executable_path/Frameworks";
				"LD_RUNPATH_SEARCH_PATHS[sdk=macosx*]" = "@executable_path/../Frameworks";
				MACOSX_DEPLOYMENT_TARGET = 13.1;
				MARKETING_VERSION = 1.0;
				PRODUCT_BUNDLE_IDENTIFIER = eu.hansolo.framersc.FramerSC;
				PRODUCT_NAME = "$(TARGET_NAME)";
				SDKROOT = auto;
				SUPPORTED_PLATFORMS = "iphoneos iphonesimulator macosx";
				SWIFT_EMIT_LOC_STRINGS = YES;
				SWIFT_VERSION = 5.0;
				TARGETED_DEVICE_FAMILY = "1,2";
			};
			name = Debug;
		};
		4F0E1168296E99E700903367 /* Release */ = {
			isa = XCBuildConfiguration;
			buildSettings = {
				ASSETCATALOG_COMPILER_APPICON_NAME = AppIcon;
				ASSETCATALOG_COMPILER_GLOBAL_ACCENT_COLOR_NAME = AccentColor;
				CODE_SIGN_ENTITLEMENTS = FramerSC/FramerSC.entitlements;
				CODE_SIGN_STYLE = Automatic;
				CURRENT_PROJECT_VERSION = 1;
				DEVELOPMENT_ASSET_PATHS = "\"FramerSC/Preview Content\"";
				DEVELOPMENT_TEAM = L4A7549EHC;
				ENABLE_HARDENED_RUNTIME = YES;
				ENABLE_PREVIEWS = YES;
				GENERATE_INFOPLIST_FILE = YES;
				INFOPLIST_FILE = FramerSC/Info.plist;
				INFOPLIST_KEY_CFBundleDisplayName = FramerSC;
				INFOPLIST_KEY_LSApplicationCategoryType = "public.app-category.photography";
				INFOPLIST_KEY_NSLocationUsageDescription = "Needs your location to show your position on the map";
				INFOPLIST_KEY_NSLocationWhenInUseUsageDescription = "Needs your location when in use to show your position on the map";
				"INFOPLIST_KEY_UIApplicationSceneManifest_Generation[sdk=iphoneos*]" = YES;
				"INFOPLIST_KEY_UIApplicationSceneManifest_Generation[sdk=iphonesimulator*]" = YES;
				"INFOPLIST_KEY_UIApplicationSupportsIndirectInputEvents[sdk=iphoneos*]" = YES;
				"INFOPLIST_KEY_UIApplicationSupportsIndirectInputEvents[sdk=iphonesimulator*]" = YES;
				"INFOPLIST_KEY_UILaunchScreen_Generation[sdk=iphoneos*]" = YES;
				"INFOPLIST_KEY_UILaunchScreen_Generation[sdk=iphonesimulator*]" = YES;
				"INFOPLIST_KEY_UIStatusBarStyle[sdk=iphoneos*]" = UIStatusBarStyleDefault;
				"INFOPLIST_KEY_UIStatusBarStyle[sdk=iphonesimulator*]" = UIStatusBarStyleDefault;
				INFOPLIST_KEY_UISupportedInterfaceOrientations = "UIInterfaceOrientationLandscapeLeft UIInterfaceOrientationLandscapeRight UIInterfaceOrientationPortrait UIInterfaceOrientationPortraitUpsideDown";
				IPHONEOS_DEPLOYMENT_TARGET = 16.2;
				LD_RUNPATH_SEARCH_PATHS = "@executable_path/Frameworks";
				"LD_RUNPATH_SEARCH_PATHS[sdk=macosx*]" = "@executable_path/../Frameworks";
				MACOSX_DEPLOYMENT_TARGET = 13.1;
				MARKETING_VERSION = 1.0;
				PRODUCT_BUNDLE_IDENTIFIER = eu.hansolo.framersc.FramerSC;
				PRODUCT_NAME = "$(TARGET_NAME)";
				SDKROOT = auto;
				SUPPORTED_PLATFORMS = "iphoneos iphonesimulator macosx";
				SWIFT_EMIT_LOC_STRINGS = YES;
				SWIFT_VERSION = 5.0;
				TARGETED_DEVICE_FAMILY = "1,2";
			};
			name = Release;
		};
/* End XCBuildConfiguration section */

/* Begin XCConfigurationList section */
		4F0E1152296E99E600903367 /* Build configuration list for PBXProject "FramerSC" */ = {
			isa = XCConfigurationList;
			buildConfigurations = (
				4F0E1164296E99E700903367 /* Debug */,
				4F0E1165296E99E700903367 /* Release */,
			);
			defaultConfigurationIsVisible = 0;
			defaultConfigurationName = Release;
		};
		4F0E1166296E99E700903367 /* Build configuration list for PBXNativeTarget "FramerSC" */ = {
			isa = XCConfigurationList;
			buildConfigurations = (
				4F0E1167296E99E700903367 /* Debug */,
				4F0E1168296E99E700903367 /* Release */,
			);
			defaultConfigurationIsVisible = 0;
			defaultConfigurationName = Release;
		};
/* End XCConfigurationList section */

/* Begin XCRemoteSwiftPackageReference section */
		4F33E7372970733200F1082D /* XCRemoteSwiftPackageReference "SwiftUIAdvancedMap" */ = {
			isa = XCRemoteSwiftPackageReference;
			repositoryURL = "https://github.com/sena-mike/SwiftUIAdvancedMap";
			requirement = {
				kind = upToNextMajorVersion;
				minimumVersion = 0.0.4;
			};
		};
/* End XCRemoteSwiftPackageReference section */

/* Begin XCSwiftPackageProductDependency section */
		4F33E7382970733200F1082D /* AdvancedMap */ = {
			isa = XCSwiftPackageProductDependency;
			package = 4F33E7372970733200F1082D /* XCRemoteSwiftPackageReference "SwiftUIAdvancedMap" */;
			productName = AdvancedMap;
		};
/* End XCSwiftPackageProductDependency section */
	};
	rootObject = 4F0E114F296E99E600903367 /* Project object */;
}
