{
  "pins" : [
    {
      "identity" : "swiftuiadvancedmap",
      "kind" : "remoteSourceControl",
      "location" : "https://github.com/sena-mike/SwiftUIAdvancedMap",
      "state" : {
        "revision" : "b27aef3c2ecb493ec2929d78f2e4fd670bfabd18",
        "version" : "0.6.0"
      }
    }
  ],
  "version" : 2
}
